
Microsoft Visual Studio Solution File, Format Version 12.00
# Visual Studio 14
VisualStudioVersion = 14.0.25420.1
MinimumVisualStudioVersion = 10.0.40219.1
Project("{2150E333-8FDC-42A3-9474-1A3956D46DE8}") = "src", "src", "{6A71F353-9D82-403E-82A5-646DED47631C}"
EndProject
Project("{FAE04EC0-301F-11D3-BF4B-00C04F79EFBC}") = "Samples.HelloAndroid.App", "src\Samples.HelloAndroid.App\Samples.HelloAndroid.App.csproj", "{D45F6926-1A9A-4063-A4EA-4DB7A2864906}"
EndProject
Global
	GlobalSection(SolutionConfigurationPlatforms) = preSolution
		Debug|Any CPU = Debug|Any CPU
		Release|Any CPU = Release|Any CPU
	EndGlobalSection
	GlobalSection(ProjectConfigurationPlatforms) = postSolution
		{D45F6926-1A9A-4063-A4EA-4DB7A2864906}.Debug|Any CPU.ActiveCfg = Debug|Any CPU
		{D45F6926-1A9A-4063-A4EA-4DB7A2864906}.Debug|Any CPU.Build.0 = Debug|Any CPU
		{D45F6926-1A9A-4063-A4EA-4DB7A2864906}.Debug|Any CPU.Deploy.0 = Debug|Any CPU
		{D45F6926-1A9A-4063-A4EA-4DB7A2864906}.Release|Any CPU.ActiveCfg = Release|Any CPU
		{D45F6926-1A9A-4063-A4EA-4DB7A2864906}.Release|Any CPU.Build.0 = Release|Any CPU
		{D45F6926-1A9A-4063-A4EA-4DB7A2864906}.Release|Any CPU.Deploy.0 = Release|Any CPU
	EndGlobalSection
	GlobalSection(SolutionProperties) = preSolution
		HideSolutionNode = FALSE
	EndGlobalSection
	GlobalSection(NestedProjects) = preSolution
		{D45F6926-1A9A-4063-A4EA-4DB7A2864906} = {6A71F353-9D82-403E-82A5-646DED47631C}
	EndGlobalSection
EndGlobal
